
Microsoft Visual Studio Solution File, Format Version 12.00
# Visual Studio Version 16
VisualStudioVersion = 16.0.31702.278
MinimumVisualStudioVersion = 10.0.40219.1
Project("{9A19103F-16F7-4668-BE54-9A1E7A4F7556}") = "DateCalculator", "DateCalculator\DateCalculator.csproj", "{4370E472-9C4B-48B5-9EFD-98765D8F2F97}"
EndProject
Global
	GlobalSection(SolutionConfigurationPlatforms) = preSolution
		Debug|Any CPU = Debug|Any CPU
		Release|Any CPU = Release|Any CPU
	EndGlobalSection
	GlobalSection(ProjectConfigurationPlatforms) = postSolution
		{4370E472-9C4B-48B5-9EFD-98765D8F2F97}.Debug|Any CPU.ActiveCfg = Debug|Any CPU
		{4370E472-9C4B-48B5-9EFD-98765D8F2F97}.Debug|Any CPU.Build.0 = Debug|Any CPU
		{4370E472-9C4B-48B5-9EFD-98765D8F2F97}.Release|Any CPU.ActiveCfg = Release|Any CPU
		{4370E472-9C4B-48B5-9EFD-98765D8F2F97}.Release|Any CPU.Build.0 = Release|Any CPU
	EndGlobalSection
	GlobalSection(SolutionProperties) = preSolution
		HideSolutionNode = FALSE
	EndGlobalSection
	GlobalSection(ExtensibilityGlobals) = postSolution
		SolutionGuid = {ECD2557A-1445-4EC2-B994-C00AB8F0A66D}
	EndGlobalSection
EndGlobal
